
Microsoft Visual Studio Solution File, Format Version 12.00
# Visual Studio Version 17
VisualStudioVersion = 17.0.32112.339
MinimumVisualStudioVersion = 10.0.40219.1
Project("{FAE04EC0-301F-11D3-BF4B-00C04F79EFBC}") = "Playerbot.Api", "Playerbot.Api.csproj", "{E8FB919B-38EF-453B-83B5-4E96B7A31FC9}"
EndProject
Global
	GlobalSection(SolutionConfigurationPlatforms) = preSolution
		Debug|Any CPU = Debug|Any CPU
		Release|Any CPU = Release|Any CPU
	EndGlobalSection
	GlobalSection(ProjectConfigurationPlatforms) = postSolution
		{E8FB919B-38EF-453B-83B5-4E96B7A31FC9}.Debug|Any CPU.ActiveCfg = Debug|Any CPU
		{E8FB919B-38EF-453B-83B5-4E96B7A31FC9}.Debug|Any CPU.Build.0 = Debug|Any CPU
		{E8FB919B-38EF-453B-83B5-4E96B7A31FC9}.Release|Any CPU.ActiveCfg = Release|Any CPU
		{E8FB919B-38EF-453B-83B5-4E96B7A31FC9}.Release|Any CPU.Build.0 = Release|Any CPU
	EndGlobalSection
	GlobalSection(SolutionProperties) = preSolution
		HideSolutionNode = FALSE
	EndGlobalSection
	GlobalSection(ExtensibilityGlobals) = postSolution
		SolutionGuid = {58006FE9-C422-4402-B013-488D571BDC4C}
	EndGlobalSection
EndGlobal
